
Microsoft Visual Studio Solution File, Format Version 12.00
# Visual Studio Version 17
VisualStudioVersion = 17.7.34031.279
MinimumVisualStudioVersion = 10.0.40219.1
Project("{FAE04EC0-301F-11D3-BF4B-00C04F79EFBC}") = "MAUI_Frame_Nav", "MAUI_Frame_Nav\MAUI_Frame_Nav.csproj", "{9A6F09BB-17D0-4A53-A6F2-53F0CC03F77A}"
EndProject
Global
	GlobalSection(SolutionConfigurationPlatforms) = preSolution
		Debug|Any CPU = Debug|Any CPU
		Release|Any CPU = Release|Any CPU
	EndGlobalSection
	GlobalSection(ProjectConfigurationPlatforms) = postSolution
		{9A6F09BB-17D0-4A53-A6F2-53F0CC03F77A}.Debug|Any CPU.ActiveCfg = Debug|Any CPU
		{9A6F09BB-17D0-4A53-A6F2-53F0CC03F77A}.Debug|Any CPU.Build.0 = Debug|Any CPU
		{9A6F09BB-17D0-4A53-A6F2-53F0CC03F77A}.Debug|Any CPU.Deploy.0 = Debug|Any CPU
		{9A6F09BB-17D0-4A53-A6F2-53F0CC03F77A}.Release|Any CPU.ActiveCfg = Release|Any CPU
		{9A6F09BB-17D0-4A53-A6F2-53F0CC03F77A}.Release|Any CPU.Build.0 = Release|Any CPU
		{9A6F09BB-17D0-4A53-A6F2-53F0CC03F77A}.Release|Any CPU.Deploy.0 = Release|Any CPU
	EndGlobalSection
	GlobalSection(SolutionProperties) = preSolution
		HideSolutionNode = FALSE
	EndGlobalSection
	GlobalSection(ExtensibilityGlobals) = postSolution
		SolutionGuid = {B08F9117-9609-48A9-97C7-E8905BC2B2D1}
	EndGlobalSection
EndGlobal
